
Microsoft Visual Studio Solution File, Format Version 12.00
# Visual Studio 15
VisualStudioVersion = 15.0.26124.0
MinimumVisualStudioVersion = 15.0.26124.0
Project("{2150E333-8FDC-42A3-9474-1A3956D46DE8}") = "src", "src", "{FB09D69A-56B0-4943-93A9-920B00BA2615}"
EndProject
Project("{2150E333-8FDC-42A3-9474-1A3956D46DE8}") = "tests", "tests", "{E27B2946-357F-4328-B567-28F20723DD6E}"
EndProject
Project("{FAE04EC0-301F-11D3-BF4B-00C04F79EFBC}") = "Translaterr.Transman.Api", "src\Translaterr.Transman.Api\Translaterr.Transman.Api.csproj", "{1A26ECAF-2078-4A6A-9CD1-9445DBA74573}"
EndProject
Project("{FAE04EC0-301F-11D3-BF4B-00C04F79EFBC}") = "Translaterr.Transman.Domain", "src\Translaterr.Transman.Domain\Translaterr.Transman.Domain.csproj", "{44698635-DEFE-4FC6-9126-E082F0F343EB}"
EndProject
Project("{FAE04EC0-301F-11D3-BF4B-00C04F79EFBC}") = "Translaterr.Transman.Api.Tests", "tests\Translaterr.Transman.Api.Tests\Translaterr.Transman.Api.Tests.csproj", "{ABD42E4F-27EC-4864-9EBB-EC3C209E6012}"
EndProject
Project("{FAE04EC0-301F-11D3-BF4B-00C04F79EFBC}") = "Translaterr.Transman.Abstractions", "src\Translaterr.Transman.Abstractions\Translaterr.Transman.Abstractions.csproj", "{60D7F4EB-43C9-45CB-A536-605B4F84391E}"
EndProject
Project("{FAE04EC0-301F-11D3-BF4B-00C04F79EFBC}") = "Translaterr.Transman.Domain.Tests", "tests\Translaterr.Transman.Domain.Tests\Translaterr.Transman.Domain.Tests.csproj", "{5B885ED0-014A-4ABB-B709-5D09FB4CCBDC}"
EndProject
Global
	GlobalSection(SolutionConfigurationPlatforms) = preSolution
		Debug|Any CPU = Debug|Any CPU
		Debug|x64 = Debug|x64
		Debug|x86 = Debug|x86
		Release|Any CPU = Release|Any CPU
		Release|x64 = Release|x64
		Release|x86 = Release|x86
	EndGlobalSection
	GlobalSection(SolutionProperties) = preSolution
		HideSolutionNode = FALSE
	EndGlobalSection
	GlobalSection(NestedProjects) = preSolution
		{1A26ECAF-2078-4A6A-9CD1-9445DBA74573} = {FB09D69A-56B0-4943-93A9-920B00BA2615}
		{44698635-DEFE-4FC6-9126-E082F0F343EB} = {FB09D69A-56B0-4943-93A9-920B00BA2615}
		{ABD42E4F-27EC-4864-9EBB-EC3C209E6012} = {E27B2946-357F-4328-B567-28F20723DD6E}
		{60D7F4EB-43C9-45CB-A536-605B4F84391E} = {FB09D69A-56B0-4943-93A9-920B00BA2615}
		{5B885ED0-014A-4ABB-B709-5D09FB4CCBDC} = {E27B2946-357F-4328-B567-28F20723DD6E}
	EndGlobalSection
	GlobalSection(ProjectConfigurationPlatforms) = postSolution
		{1A26ECAF-2078-4A6A-9CD1-9445DBA74573}.Debug|Any CPU.ActiveCfg = Debug|Any CPU
		{1A26ECAF-2078-4A6A-9CD1-9445DBA74573}.Debug|Any CPU.Build.0 = Debug|Any CPU
		{1A26ECAF-2078-4A6A-9CD1-9445DBA74573}.Debug|x64.ActiveCfg = Debug|Any CPU
		{1A26ECAF-2078-4A6A-9CD1-9445DBA74573}.Debug|x64.Build.0 = Debug|Any CPU
		{1A26ECAF-2078-4A6A-9CD1-9445DBA74573}.Debug|x86.ActiveCfg = Debug|Any CPU
		{1A26ECAF-2078-4A6A-9CD1-9445DBA74573}.Debug|x86.Build.0 = Debug|Any CPU
		{1A26ECAF-2078-4A6A-9CD1-9445DBA74573}.Release|Any CPU.ActiveCfg = Release|Any CPU
		{1A26ECAF-2078-4A6A-9CD1-9445DBA74573}.Release|Any CPU.Build.0 = Release|Any CPU
		{1A26ECAF-2078-4A6A-9CD1-9445DBA74573}.Release|x64.ActiveCfg = Release|Any CPU
		{1A26ECAF-2078-4A6A-9CD1-9445DBA74573}.Release|x64.Build.0 = Release|Any CPU
		{1A26ECAF-2078-4A6A-9CD1-9445DBA74573}.Release|x86.ActiveCfg = Release|Any CPU
		{1A26ECAF-2078-4A6A-9CD1-9445DBA74573}.Release|x86.Build.0 = Release|Any CPU
		{44698635-DEFE-4FC6-9126-E082F0F343EB}.Debug|Any CPU.ActiveCfg = Debug|Any CPU
		{44698635-DEFE-4FC6-9126-E082F0F343EB}.Debug|Any CPU.Build.0 = Debug|Any CPU
		{44698635-DEFE-4FC6-9126-E082F0F343EB}.Debug|x64.ActiveCfg = Debug|Any CPU
		{44698635-DEFE-4FC6-9126-E082F0F343EB}.Debug|x64.Build.0 = Debug|Any CPU
		{44698635-DEFE-4FC6-9126-E082F0F343EB}.Debug|x86.ActiveCfg = Debug|Any CPU
		{44698635-DEFE-4FC6-9126-E082F0F343EB}.Debug|x86.Build.0 = Debug|Any CPU
		{44698635-DEFE-4FC6-9126-E082F0F343EB}.Release|Any CPU.ActiveCfg = Release|Any CPU
		{44698635-DEFE-4FC6-9126-E082F0F343EB}.Release|Any CPU.Build.0 = Release|Any CPU
		{44698635-DEFE-4FC6-9126-E082F0F343EB}.Release|x64.ActiveCfg = Release|Any CPU
		{44698635-DEFE-4FC6-9126-E082F0F343EB}.Release|x64.Build.0 = Release|Any CPU
		{44698635-DEFE-4FC6-9126-E082F0F343EB}.Release|x86.ActiveCfg = Release|Any CPU
		{44698635-DEFE-4FC6-9126-E082F0F343EB}.Release|x86.Build.0 = Release|Any CPU
		{ABD42E4F-27EC-4864-9EBB-EC3C209E6012}.Debug|Any CPU.ActiveCfg = Debug|Any CPU
		{ABD42E4F-27EC-4864-9EBB-EC3C209E6012}.Debug|Any CPU.Build.0 = Debug|Any CPU
		{ABD42E4F-27EC-4864-9EBB-EC3C209E6012}.Debug|x64.ActiveCfg = Debug|Any CPU
		{ABD42E4F-27EC-4864-9EBB-EC3C209E6012}.Debug|x64.Build.0 = Debug|Any CPU
		{ABD42E4F-27EC-4864-9EBB-EC3C209E6012}.Debug|x86.ActiveCfg = Debug|Any CPU
		{ABD42E4F-27EC-4864-9EBB-EC3C209E6012}.Debug|x86.Build.0 = Debug|Any CPU
		{ABD42E4F-27EC-4864-9EBB-EC3C209E6012}.Release|Any CPU.ActiveCfg = Release|Any CPU
		{ABD42E4F-27EC-4864-9EBB-EC3C209E6012}.Release|Any CPU.Build.0 = Release|Any CPU
		{ABD42E4F-27EC-4864-9EBB-EC3C209E6012}.Release|x64.ActiveCfg = Release|Any CPU
		{ABD42E4F-27EC-4864-9EBB-EC3C209E6012}.Release|x64.Build.0 = Release|Any CPU
		{ABD42E4F-27EC-4864-9EBB-EC3C209E6012}.Release|x86.ActiveCfg = Release|Any CPU
		{ABD42E4F-27EC-4864-9EBB-EC3C209E6012}.Release|x86.Build.0 = Release|Any CPU
		{60D7F4EB-43C9-45CB-A536-605B4F84391E}.Debug|Any CPU.ActiveCfg = Debug|Any CPU
		{60D7F4EB-43C9-45CB-A536-605B4F84391E}.Debug|Any CPU.Build.0 = Debug|Any CPU
		{60D7F4EB-43C9-45CB-A536-605B4F84391E}.Debug|x64.ActiveCfg = Debug|Any CPU
		{60D7F4EB-43C9-45CB-A536-605B4F84391E}.Debug|x64.Build.0 = Debug|Any CPU
		{60D7F4EB-43C9-45CB-A536-605B4F84391E}.Debug|x86.ActiveCfg = Debug|Any CPU
		{60D7F4EB-43C9-45CB-A536-605B4F84391E}.Debug|x86.Build.0 = Debug|Any CPU
		{60D7F4EB-43C9-45CB-A536-605B4F84391E}.Release|Any CPU.ActiveCfg = Release|Any CPU
		{60D7F4EB-43C9-45CB-A536-605B4F84391E}.Release|Any CPU.Build.0 = Release|Any CPU
		{60D7F4EB-43C9-45CB-A536-605B4F84391E}.Release|x64.ActiveCfg = Release|Any CPU
		{60D7F4EB-43C9-45CB-A536-605B4F84391E}.Release|x64.Build.0 = Release|Any CPU
		{60D7F4EB-43C9-45CB-A536-605B4F84391E}.Release|x86.ActiveCfg = Release|Any CPU
		{60D7F4EB-43C9-45CB-A536-605B4F84391E}.Release|x86.Build.0 = Release|Any CPU
		{5B885ED0-014A-4ABB-B709-5D09FB4CCBDC}.Debug|Any CPU.ActiveCfg = Debug|Any CPU
		{5B885ED0-014A-4ABB-B709-5D09FB4CCBDC}.Debug|Any CPU.Build.0 = Debug|Any CPU
		{5B885ED0-014A-4ABB-B709-5D09FB4CCBDC}.Debug|x64.ActiveCfg = Debug|Any CPU
		{5B885ED0-014A-4ABB-B709-5D09FB4CCBDC}.Debug|x64.Build.0 = Debug|Any CPU
		{5B885ED0-014A-4ABB-B709-5D09FB4CCBDC}.Debug|x86.ActiveCfg = Debug|Any CPU
		{5B885ED0-014A-4ABB-B709-5D09FB4CCBDC}.Debug|x86.Build.0 = Debug|Any CPU
		{5B885ED0-014A-4ABB-B709-5D09FB4CCBDC}.Release|Any CPU.ActiveCfg = Release|Any CPU
		{5B885ED0-014A-4ABB-B709-5D09FB4CCBDC}.Release|Any CPU.Build.0 = Release|Any CPU
		{5B885ED0-014A-4ABB-B709-5D09FB4CCBDC}.Release|x64.ActiveCfg = Release|Any CPU
		{5B885ED0-014A-4ABB-B709-5D09FB4CCBDC}.Release|x64.Build.0 = Release|Any CPU
		{5B885ED0-014A-4ABB-B709-5D09FB4CCBDC}.Release|x86.ActiveCfg = Release|Any CPU
		{5B885ED0-014A-4ABB-B709-5D09FB4CCBDC}.Release|x86.Build.0 = Release|Any CPU
	EndGlobalSection
EndGlobal
